
Microsoft Visual Studio Solution File, Format Version 12.00
# Visual Studio Version 17
VisualStudioVersion = 17.3.32825.248
MinimumVisualStudioVersion = 10.0.40219.1
Project("{D954291E-2A0B-460D-934E-DC6B0785DB48}") = "App1.Shared", "App1\App1.Shared\App1.Shared.shproj", "{6279C845-92F8-4333-AB99-3D213163593C}"
EndProject
Project("{2150E333-8FDC-42A3-9474-1A3956D46DE8}") = "Platforms", "Platforms", "{EB84A31F-F314-4823-AE0D-24A7C3A4BF63}"
EndProject
Project("{FAE04EC0-301F-11D3-BF4B-00C04F79EFBC}") = "App1.Wasm", "App1\App1.Wasm\App1.Wasm.csproj", "{E18AD490-6401-40C9-A003-2BA24DC445E7}"
EndProject
Project("{FAE04EC0-301F-11D3-BF4B-00C04F79EFBC}") = "App1.Mobile", "App1\App1.Mobile\App1.Mobile.csproj", "{65E76059-BB31-4482-AE48-F6846164D808}"
EndProject
Project("{FAE04EC0-301F-11D3-BF4B-00C04F79EFBC}") = "App1.Skia.Gtk", "App1\App1.Skia.Gtk\App1.Skia.Gtk.csproj", "{93A279B6-EC49-4FE2-BA37-B483634FD0B7}"
EndProject
Project("{FAE04EC0-301F-11D3-BF4B-00C04F79EFBC}") = "App1.Skia.Linux.FrameBuffer", "App1\App1.Skia.Linux.FrameBuffer\App1.Skia.Linux.FrameBuffer.csproj", "{2A1E9648-C7A1-4851-9D5C-B82EB3916883}"
EndProject
Project("{FAE04EC0-301F-11D3-BF4B-00C04F79EFBC}") = "App1.Windows", "App1\App1.Windows\App1.Windows.csproj", "{CBAC72A2-A628-4197-8089-A30DA33E29A8}"
EndProject
Project("{FAE04EC0-301F-11D3-BF4B-00C04F79EFBC}") = "App1.Skia.Wpf", "App1\App1.Skia.Wpf\App1.Skia.Wpf.csproj", "{2F40C642-99C4-4023-9E01-AE3879C5C475}"
EndProject
Global
	GlobalSection(SolutionConfigurationPlatforms) = preSolution
		Debug|Any CPU = Debug|Any CPU
		Debug|arm64 = Debug|arm64
		Debug|x64 = Debug|x64
		Debug|x86 = Debug|x86
		Release|Any CPU = Release|Any CPU
		Release|arm64 = Release|arm64
		Release|x64 = Release|x64
		Release|x86 = Release|x86
	EndGlobalSection
	GlobalSection(ProjectConfigurationPlatforms) = postSolution
		{E18AD490-6401-40C9-A003-2BA24DC445E7}.Debug|Any CPU.ActiveCfg = Debug|Any CPU
		{E18AD490-6401-40C9-A003-2BA24DC445E7}.Debug|Any CPU.Build.0 = Debug|Any CPU
		{E18AD490-6401-40C9-A003-2BA24DC445E7}.Debug|arm64.ActiveCfg = Debug|Any CPU
		{E18AD490-6401-40C9-A003-2BA24DC445E7}.Debug|arm64.Build.0 = Debug|Any CPU
		{E18AD490-6401-40C9-A003-2BA24DC445E7}.Debug|x64.ActiveCfg = Debug|Any CPU
		{E18AD490-6401-40C9-A003-2BA24DC445E7}.Debug|x64.Build.0 = Debug|Any CPU
		{E18AD490-6401-40C9-A003-2BA24DC445E7}.Debug|x86.ActiveCfg = Debug|Any CPU
		{E18AD490-6401-40C9-A003-2BA24DC445E7}.Debug|x86.Build.0 = Debug|Any CPU
		{E18AD490-6401-40C9-A003-2BA24DC445E7}.Release|Any CPU.ActiveCfg = Release|Any CPU
		{E18AD490-6401-40C9-A003-2BA24DC445E7}.Release|Any CPU.Build.0 = Release|Any CPU
		{E18AD490-6401-40C9-A003-2BA24DC445E7}.Release|arm64.ActiveCfg = Release|Any CPU
		{E18AD490-6401-40C9-A003-2BA24DC445E7}.Release|arm64.Build.0 = Release|Any CPU
		{E18AD490-6401-40C9-A003-2BA24DC445E7}.Release|x64.ActiveCfg = Release|Any CPU
		{E18AD490-6401-40C9-A003-2BA24DC445E7}.Release|x64.Build.0 = Release|Any CPU
		{E18AD490-6401-40C9-A003-2BA24DC445E7}.Release|x86.ActiveCfg = Release|Any CPU
		{E18AD490-6401-40C9-A003-2BA24DC445E7}.Release|x86.Build.0 = Release|Any CPU
		{65E76059-BB31-4482-AE48-F6846164D808}.Debug|Any CPU.ActiveCfg = Debug|Any CPU
		{65E76059-BB31-4482-AE48-F6846164D808}.Debug|Any CPU.Build.0 = Debug|Any CPU
		{65E76059-BB31-4482-AE48-F6846164D808}.Debug|Any CPU.Deploy.0 = Debug|Any CPU
		{65E76059-BB31-4482-AE48-F6846164D808}.Debug|arm64.ActiveCfg = Debug|Any CPU
		{65E76059-BB31-4482-AE48-F6846164D808}.Debug|arm64.Build.0 = Debug|Any CPU
		{65E76059-BB31-4482-AE48-F6846164D808}.Debug|arm64.Deploy.0 = Debug|Any CPU
		{65E76059-BB31-4482-AE48-F6846164D808}.Debug|x64.ActiveCfg = Debug|Any CPU
		{65E76059-BB31-4482-AE48-F6846164D808}.Debug|x64.Build.0 = Debug|Any CPU
		{65E76059-BB31-4482-AE48-F6846164D808}.Debug|x64.Deploy.0 = Debug|Any CPU
		{65E76059-BB31-4482-AE48-F6846164D808}.Debug|x86.ActiveCfg = Debug|Any CPU
		{65E76059-BB31-4482-AE48-F6846164D808}.Debug|x86.Build.0 = Debug|Any CPU
		{65E76059-BB31-4482-AE48-F6846164D808}.Debug|x86.Deploy.0 = Debug|Any CPU
		{65E76059-BB31-4482-AE48-F6846164D808}.Release|Any CPU.ActiveCfg = Release|Any CPU
		{65E76059-BB31-4482-AE48-F6846164D808}.Release|Any CPU.Build.0 = Release|Any CPU
		{65E76059-BB31-4482-AE48-F6846164D808}.Release|Any CPU.Deploy.0 = Release|Any CPU
		{65E76059-BB31-4482-AE48-F6846164D808}.Release|arm64.ActiveCfg = Release|Any CPU
		{65E76059-BB31-4482-AE48-F6846164D808}.Release|arm64.Build.0 = Release|Any CPU
		{65E76059-BB31-4482-AE48-F6846164D808}.Release|arm64.Deploy.0 = Release|Any CPU
		{65E76059-BB31-4482-AE48-F6846164D808}.Release|x64.ActiveCfg = Release|Any CPU
		{65E76059-BB31-4482-AE48-F6846164D808}.Release|x64.Build.0 = Release|Any CPU
		{65E76059-BB31-4482-AE48-F6846164D808}.Release|x64.Deploy.0 = Release|Any CPU
		{65E76059-BB31-4482-AE48-F6846164D808}.Release|x86.ActiveCfg = Release|Any CPU
		{65E76059-BB31-4482-AE48-F6846164D808}.Release|x86.Build.0 = Release|Any CPU
		{65E76059-BB31-4482-AE48-F6846164D808}.Release|x86.Deploy.0 = Release|Any CPU
		{93A279B6-EC49-4FE2-BA37-B483634FD0B7}.Debug|Any CPU.ActiveCfg = Debug|Any CPU
		{93A279B6-EC49-4FE2-BA37-B483634FD0B7}.Debug|Any CPU.Build.0 = Debug|Any CPU
		{93A279B6-EC49-4FE2-BA37-B483634FD0B7}.Debug|arm64.ActiveCfg = Debug|Any CPU
		{93A279B6-EC49-4FE2-BA37-B483634FD0B7}.Debug|arm64.Build.0 = Debug|Any CPU
		{93A279B6-EC49-4FE2-BA37-B483634FD0B7}.Debug|x64.ActiveCfg = Debug|Any CPU
		{93A279B6-EC49-4FE2-BA37-B483634FD0B7}.Debug|x64.Build.0 = Debug|Any CPU
		{93A279B6-EC49-4FE2-BA37-B483634FD0B7}.Debug|x86.ActiveCfg = Debug|Any CPU
		{93A279B6-EC49-4FE2-BA37-B483634FD0B7}.Debug|x86.Build.0 = Debug|Any CPU
		{93A279B6-EC49-4FE2-BA37-B483634FD0B7}.Release|Any CPU.ActiveCfg = Release|Any CPU
		{93A279B6-EC49-4FE2-BA37-B483634FD0B7}.Release|Any CPU.Build.0 = Release|Any CPU
		{93A279B6-EC49-4FE2-BA37-B483634FD0B7}.Release|arm64.ActiveCfg = Release|Any CPU
		{93A279B6-EC49-4FE2-BA37-B483634FD0B7}.Release|arm64.Build.0 = Release|Any CPU
		{93A279B6-EC49-4FE2-BA37-B483634FD0B7}.Release|x64.ActiveCfg = Release|Any CPU
		{93A279B6-EC49-4FE2-BA37-B483634FD0B7}.Release|x64.Build.0 = Release|Any CPU
		{93A279B6-EC49-4FE2-BA37-B483634FD0B7}.Release|x86.ActiveCfg = Release|Any CPU
		{93A279B6-EC49-4FE2-BA37-B483634FD0B7}.Release|x86.Build.0 = Release|Any CPU
		{2A1E9648-C7A1-4851-9D5C-B82EB3916883}.Debug|Any CPU.ActiveCfg = Debug|Any CPU
		{2A1E9648-C7A1-4851-9D5C-B82EB3916883}.Debug|Any CPU.Build.0 = Debug|Any CPU
		{2A1E9648-C7A1-4851-9D5C-B82EB3916883}.Debug|arm64.ActiveCfg = Debug|Any CPU
		{2A1E9648-C7A1-4851-9D5C-B82EB3916883}.Debug|arm64.Build.0 = Debug|Any CPU
		{2A1E9648-C7A1-4851-9D5C-B82EB3916883}.Debug|x64.ActiveCfg = Debug|Any CPU
		{2A1E9648-C7A1-4851-9D5C-B82EB3916883}.Debug|x64.Build.0 = Debug|Any CPU
		{2A1E9648-C7A1-4851-9D5C-B82EB3916883}.Debug|x86.ActiveCfg = Debug|Any CPU
		{2A1E9648-C7A1-4851-9D5C-B82EB3916883}.Debug|x86.Build.0 = Debug|Any CPU
		{2A1E9648-C7A1-4851-9D5C-B82EB3916883}.Release|Any CPU.ActiveCfg = Release|Any CPU
		{2A1E9648-C7A1-4851-9D5C-B82EB3916883}.Release|Any CPU.Build.0 = Release|Any CPU
		{2A1E9648-C7A1-4851-9D5C-B82EB3916883}.Release|arm64.ActiveCfg = Release|Any CPU
		{2A1E9648-C7A1-4851-9D5C-B82EB3916883}.Release|arm64.Build.0 = Release|Any CPU
		{2A1E9648-C7A1-4851-9D5C-B82EB3916883}.Release|x64.ActiveCfg = Release|Any CPU
		{2A1E9648-C7A1-4851-9D5C-B82EB3916883}.Release|x64.Build.0 = Release|Any CPU
		{2A1E9648-C7A1-4851-9D5C-B82EB3916883}.Release|x86.ActiveCfg = Release|Any CPU
		{2A1E9648-C7A1-4851-9D5C-B82EB3916883}.Release|x86.Build.0 = Release|Any CPU
		{CBAC72A2-A628-4197-8089-A30DA33E29A8}.Debug|Any CPU.ActiveCfg = Debug|x64
		{CBAC72A2-A628-4197-8089-A30DA33E29A8}.Debug|Any CPU.Build.0 = Debug|x64
		{CBAC72A2-A628-4197-8089-A30DA33E29A8}.Debug|Any CPU.Deploy.0 = Debug|x64
		{CBAC72A2-A628-4197-8089-A30DA33E29A8}.Debug|arm64.ActiveCfg = Debug|arm64
		{CBAC72A2-A628-4197-8089-A30DA33E29A8}.Debug|arm64.Build.0 = Debug|arm64
		{CBAC72A2-A628-4197-8089-A30DA33E29A8}.Debug|arm64.Deploy.0 = Debug|arm64
		{CBAC72A2-A628-4197-8089-A30DA33E29A8}.Debug|x64.ActiveCfg = Debug|x64
		{CBAC72A2-A628-4197-8089-A30DA33E29A8}.Debug|x64.Build.0 = Debug|x64
		{CBAC72A2-A628-4197-8089-A30DA33E29A8}.Debug|x64.Deploy.0 = Debug|x64
		{CBAC72A2-A628-4197-8089-A30DA33E29A8}.Debug|x86.ActiveCfg = Debug|x86
		{CBAC72A2-A628-4197-8089-A30DA33E29A8}.Debug|x86.Build.0 = Debug|x86
		{CBAC72A2-A628-4197-8089-A30DA33E29A8}.Debug|x86.Deploy.0 = Debug|x86
		{CBAC72A2-A628-4197-8089-A30DA33E29A8}.Release|Any CPU.ActiveCfg = Release|x64
		{CBAC72A2-A628-4197-8089-A30DA33E29A8}.Release|Any CPU.Build.0 = Release|x64
		{CBAC72A2-A628-4197-8089-A30DA33E29A8}.Release|Any CPU.Deploy.0 = Release|x64
		{CBAC72A2-A628-4197-8089-A30DA33E29A8}.Release|arm64.ActiveCfg = Release|arm64
		{CBAC72A2-A628-4197-8089-A30DA33E29A8}.Release|arm64.Build.0 = Release|arm64
		{CBAC72A2-A628-4197-8089-A30DA33E29A8}.Release|arm64.Deploy.0 = Release|arm64
		{CBAC72A2-A628-4197-8089-A30DA33E29A8}.Release|x64.ActiveCfg = Release|x64
		{CBAC72A2-A628-4197-8089-A30DA33E29A8}.Release|x64.Build.0 = Release|x64
		{CBAC72A2-A628-4197-8089-A30DA33E29A8}.Release|x64.Deploy.0 = Release|x64
		{CBAC72A2-A628-4197-8089-A30DA33E29A8}.Release|x86.ActiveCfg = Release|x86
		{CBAC72A2-A628-4197-8089-A30DA33E29A8}.Release|x86.Build.0 = Release|x86
		{CBAC72A2-A628-4197-8089-A30DA33E29A8}.Release|x86.Deploy.0 = Release|x86
		{2F40C642-99C4-4023-9E01-AE3879C5C475}.Debug|Any CPU.ActiveCfg = Debug|Any CPU
		{2F40C642-99C4-4023-9E01-AE3879C5C475}.Debug|Any CPU.Build.0 = Debug|Any CPU
		{2F40C642-99C4-4023-9E01-AE3879C5C475}.Debug|arm64.ActiveCfg = Debug|Any CPU
		{2F40C642-99C4-4023-9E01-AE3879C5C475}.Debug|arm64.Build.0 = Debug|Any CPU
		{2F40C642-99C4-4023-9E01-AE3879C5C475}.Debug|x64.ActiveCfg = Debug|Any CPU
		{2F40C642-99C4-4023-9E01-AE3879C5C475}.Debug|x64.Build.0 = Debug|Any CPU
		{2F40C642-99C4-4023-9E01-AE3879C5C475}.Debug|x86.ActiveCfg = Debug|Any CPU
		{2F40C642-99C4-4023-9E01-AE3879C5C475}.Debug|x86.Build.0 = Debug|Any CPU
		{2F40C642-99C4-4023-9E01-AE3879C5C475}.Release|Any CPU.ActiveCfg = Release|Any CPU
		{2F40C642-99C4-4023-9E01-AE3879C5C475}.Release|Any CPU.Build.0 = Release|Any CPU
		{2F40C642-99C4-4023-9E01-AE3879C5C475}.Release|arm64.ActiveCfg = Release|Any CPU
		{2F40C642-99C4-4023-9E01-AE3879C5C475}.Release|arm64.Build.0 = Release|Any CPU
		{2F40C642-99C4-4023-9E01-AE3879C5C475}.Release|x64.ActiveCfg = Release|Any CPU
		{2F40C642-99C4-4023-9E01-AE3879C5C475}.Release|x64.Build.0 = Release|Any CPU
		{2F40C642-99C4-4023-9E01-AE3879C5C475}.Release|x86.ActiveCfg = Release|Any CPU
		{2F40C642-99C4-4023-9E01-AE3879C5C475}.Release|x86.Build.0 = Release|Any CPU
	EndGlobalSection
	GlobalSection(SolutionProperties) = preSolution
		HideSolutionNode = FALSE
	EndGlobalSection
	GlobalSection(NestedProjects) = preSolution
		{E18AD490-6401-40C9-A003-2BA24DC445E7} = {EB84A31F-F314-4823-AE0D-24A7C3A4BF63}
		{65E76059-BB31-4482-AE48-F6846164D808} = {EB84A31F-F314-4823-AE0D-24A7C3A4BF63}
		{93A279B6-EC49-4FE2-BA37-B483634FD0B7} = {EB84A31F-F314-4823-AE0D-24A7C3A4BF63}
		{2A1E9648-C7A1-4851-9D5C-B82EB3916883} = {EB84A31F-F314-4823-AE0D-24A7C3A4BF63}
		{CBAC72A2-A628-4197-8089-A30DA33E29A8} = {EB84A31F-F314-4823-AE0D-24A7C3A4BF63}
		{2F40C642-99C4-4023-9E01-AE3879C5C475} = {EB84A31F-F314-4823-AE0D-24A7C3A4BF63}
	EndGlobalSection
	GlobalSection(ExtensibilityGlobals) = postSolution
		SolutionGuid = {F4A0A364-AD22-4651-9D4C-54FD5A49B656}
	EndGlobalSection
	GlobalSection(SharedMSBuildProjectFiles) = preSolution
		App1\App1.Shared\App1.Shared.projitems*{2a1e9648-c7a1-4851-9d5c-b82eb3916883}*SharedItemsImports = 5
		App1\App1.Shared\App1.Shared.projitems*{2f40c642-99c4-4023-9e01-ae3879c5c475}*SharedItemsImports = 5
		App1\App1.Shared\App1.Shared.projitems*{6279c845-92f8-4333-ab99-3d213163593c}*SharedItemsImports = 13
		App1\App1.Shared\App1.Shared.projitems*{65e76059-bb31-4482-ae48-f6846164d808}*SharedItemsImports = 5
		App1\App1.Shared\App1.Shared.projitems*{93a279b6-ec49-4fe2-ba37-b483634fd0b7}*SharedItemsImports = 5
		App1\App1.Shared\App1.Shared.projitems*{cbac72a2-a628-4197-8089-a30da33e29a8}*SharedItemsImports = 5
		App1\App1.Shared\App1.Shared.projitems*{e18ad490-6401-40c9-a003-2ba24dc445e7}*SharedItemsImports = 5
	EndGlobalSection
EndGlobal
