
Microsoft Visual Studio Solution File, Format Version 12.00
# Visual Studio Version 17
VisualStudioVersion = 17.3.32901.215
MinimumVisualStudioVersion = 10.0.40219.1
Project("{FAE04EC0-301F-11D3-BF4B-00C04F79EFBC}") = "WpfApp1", "WpfApp1\WpfApp1.csproj", "{8EFDF28B-1472-4ACC-9AC1-9607AA9246EE}"
EndProject
Global
	GlobalSection(SolutionConfigurationPlatforms) = preSolution
		Debug|Any CPU = Debug|Any CPU
		Release|Any CPU = Release|Any CPU
	EndGlobalSection
	GlobalSection(ProjectConfigurationPlatforms) = postSolution
		{8EFDF28B-1472-4ACC-9AC1-9607AA9246EE}.Debug|Any CPU.ActiveCfg = Debug|Any CPU
		{8EFDF28B-1472-4ACC-9AC1-9607AA9246EE}.Debug|Any CPU.Build.0 = Debug|Any CPU
		{8EFDF28B-1472-4ACC-9AC1-9607AA9246EE}.Release|Any CPU.ActiveCfg = Release|Any CPU
		{8EFDF28B-1472-4ACC-9AC1-9607AA9246EE}.Release|Any CPU.Build.0 = Release|Any CPU
	EndGlobalSection
	GlobalSection(SolutionProperties) = preSolution
		HideSolutionNode = FALSE
	EndGlobalSection
	GlobalSection(ExtensibilityGlobals) = postSolution
		SolutionGuid = {E552208A-1498-4FDA-97CF-C2103355CB46}
	EndGlobalSection
EndGlobal
