
Microsoft Visual Studio Solution File, Format Version 12.00
# Visual Studio Version 17
VisualStudioVersion = 17.3.32901.215
MinimumVisualStudioVersion = 10.0.40219.1
Project("{FAE04EC0-301F-11D3-BF4B-00C04F79EFBC}") = "WebApplication1", "WebApplication1\WebApplication1.csproj", "{D311D0A5-17EF-4F2B-B0B4-47CC3EC29151}"
EndProject
Global
	GlobalSection(SolutionConfigurationPlatforms) = preSolution
		Debug|Any CPU = Debug|Any CPU
		Release|Any CPU = Release|Any CPU
	EndGlobalSection
	GlobalSection(ProjectConfigurationPlatforms) = postSolution
		{D311D0A5-17EF-4F2B-B0B4-47CC3EC29151}.Debug|Any CPU.ActiveCfg = Debug|Any CPU
		{D311D0A5-17EF-4F2B-B0B4-47CC3EC29151}.Debug|Any CPU.Build.0 = Debug|Any CPU
		{D311D0A5-17EF-4F2B-B0B4-47CC3EC29151}.Release|Any CPU.ActiveCfg = Release|Any CPU
		{D311D0A5-17EF-4F2B-B0B4-47CC3EC29151}.Release|Any CPU.Build.0 = Release|Any CPU
	EndGlobalSection
	GlobalSection(SolutionProperties) = preSolution
		HideSolutionNode = FALSE
	EndGlobalSection
	GlobalSection(ExtensibilityGlobals) = postSolution
		SolutionGuid = {257F2DCC-F142-494D-981C-EF42F0F8959B}
	EndGlobalSection
EndGlobal
