
Microsoft Visual Studio Solution File, Format Version 12.00
# Visual Studio Version 17
VisualStudioVersion = 17.3.32825.248
MinimumVisualStudioVersion = 10.0.40219.1
Project("{FAE04EC0-301F-11D3-BF4B-00C04F79EFBC}") = "AvaloniaApplication1", "AvaloniaApplication1\AvaloniaApplication1.csproj", "{E266B851-106E-4BDE-8D60-B41711E903E8}"
EndProject
Global
	GlobalSection(SolutionConfigurationPlatforms) = preSolution
		Debug|Any CPU = Debug|Any CPU
		Release|Any CPU = Release|Any CPU
	EndGlobalSection
	GlobalSection(ProjectConfigurationPlatforms) = postSolution
		{E266B851-106E-4BDE-8D60-B41711E903E8}.Debug|Any CPU.ActiveCfg = Debug|Any CPU
		{E266B851-106E-4BDE-8D60-B41711E903E8}.Debug|Any CPU.Build.0 = Debug|Any CPU
		{E266B851-106E-4BDE-8D60-B41711E903E8}.Release|Any CPU.ActiveCfg = Release|Any CPU
		{E266B851-106E-4BDE-8D60-B41711E903E8}.Release|Any CPU.Build.0 = Release|Any CPU
	EndGlobalSection
	GlobalSection(SolutionProperties) = preSolution
		HideSolutionNode = FALSE
	EndGlobalSection
	GlobalSection(ExtensibilityGlobals) = postSolution
		SolutionGuid = {AFF285B0-E8EA-4ABA-8FCA-AF640E3558F9}
	EndGlobalSection
EndGlobal
